
Microsoft Visual Studio Solution File, Format Version 12.00
# Visual Studio Version 17
VisualStudioVersion = 17.9.34728.123
MinimumVisualStudioVersion = 10.0.40219.1
Project("{2150E333-8FDC-42A3-9474-1A3956D46DE8}") = "Services", "Services", "{381EE255-FC40-4BDE-92C0-F83E1378F318}"
EndProject
Project("{9A19103F-16F7-4668-BE54-9A1E7A4F7556}") = "Catalogs.API", "Catalogs.API\Catalogs.API.csproj", "{E175DF21-547F-4BC6-84D3-153F25D7DEB4}"
EndProject
Project("{9A19103F-16F7-4668-BE54-9A1E7A4F7556}") = "Basket.API", "Basket.API\Basket.API.csproj", "{C429B609-2FDE-4C62-B1E9-A6414D7D6653}"
EndProject
Project("{9A19103F-16F7-4668-BE54-9A1E7A4F7556}") = "Discount.API", "Discount.API\Discount.API.csproj", "{7ED54829-2B42-4C6E-AA6A-701409364C54}"
EndProject
Project("{FAE04EC0-301F-11D3-BF4B-00C04F79EFBC}") = "Discount.Grpc", "Discount.Grpc\Discount.Grpc.csproj", "{3AF2B9A9-C709-4047-896F-B19DEBE94D3E}"
EndProject
Global
	GlobalSection(SolutionConfigurationPlatforms) = preSolution
		Debug|Any CPU = Debug|Any CPU
		Release|Any CPU = Release|Any CPU
	EndGlobalSection
	GlobalSection(ProjectConfigurationPlatforms) = postSolution
		{E175DF21-547F-4BC6-84D3-153F25D7DEB4}.Debug|Any CPU.ActiveCfg = Debug|Any CPU
		{E175DF21-547F-4BC6-84D3-153F25D7DEB4}.Debug|Any CPU.Build.0 = Debug|Any CPU
		{E175DF21-547F-4BC6-84D3-153F25D7DEB4}.Release|Any CPU.ActiveCfg = Release|Any CPU
		{E175DF21-547F-4BC6-84D3-153F25D7DEB4}.Release|Any CPU.Build.0 = Release|Any CPU
		{C429B609-2FDE-4C62-B1E9-A6414D7D6653}.Debug|Any CPU.ActiveCfg = Debug|Any CPU
		{C429B609-2FDE-4C62-B1E9-A6414D7D6653}.Debug|Any CPU.Build.0 = Debug|Any CPU
		{C429B609-2FDE-4C62-B1E9-A6414D7D6653}.Release|Any CPU.ActiveCfg = Release|Any CPU
		{C429B609-2FDE-4C62-B1E9-A6414D7D6653}.Release|Any CPU.Build.0 = Release|Any CPU
		{7ED54829-2B42-4C6E-AA6A-701409364C54}.Debug|Any CPU.ActiveCfg = Debug|Any CPU
		{7ED54829-2B42-4C6E-AA6A-701409364C54}.Debug|Any CPU.Build.0 = Debug|Any CPU
		{7ED54829-2B42-4C6E-AA6A-701409364C54}.Release|Any CPU.ActiveCfg = Release|Any CPU
		{7ED54829-2B42-4C6E-AA6A-701409364C54}.Release|Any CPU.Build.0 = Release|Any CPU
		{3AF2B9A9-C709-4047-896F-B19DEBE94D3E}.Debug|Any CPU.ActiveCfg = Debug|Any CPU
		{3AF2B9A9-C709-4047-896F-B19DEBE94D3E}.Debug|Any CPU.Build.0 = Debug|Any CPU
		{3AF2B9A9-C709-4047-896F-B19DEBE94D3E}.Release|Any CPU.ActiveCfg = Release|Any CPU
		{3AF2B9A9-C709-4047-896F-B19DEBE94D3E}.Release|Any CPU.Build.0 = Release|Any CPU
	EndGlobalSection
	GlobalSection(SolutionProperties) = preSolution
		HideSolutionNode = FALSE
	EndGlobalSection
	GlobalSection(NestedProjects) = preSolution
		{E175DF21-547F-4BC6-84D3-153F25D7DEB4} = {381EE255-FC40-4BDE-92C0-F83E1378F318}
		{C429B609-2FDE-4C62-B1E9-A6414D7D6653} = {381EE255-FC40-4BDE-92C0-F83E1378F318}
		{7ED54829-2B42-4C6E-AA6A-701409364C54} = {381EE255-FC40-4BDE-92C0-F83E1378F318}
		{3AF2B9A9-C709-4047-896F-B19DEBE94D3E} = {381EE255-FC40-4BDE-92C0-F83E1378F318}
	EndGlobalSection
	GlobalSection(ExtensibilityGlobals) = postSolution
		SolutionGuid = {05CF16FA-2EAC-4D47-B4B3-36A709E15C21}
	EndGlobalSection
EndGlobal
